
Microsoft Visual Studio Solution File, Format Version 12.00
# Visual Studio 2013
VisualStudioVersion = 12.0.21005.1
MinimumVisualStudioVersion = 10.0.40219.1
Project("{FAE04EC0-301F-11D3-BF4B-00C04F79EFBC}") = "WebApiApresentacao", "WebApiApresentacao\WebApiApresentacao.csproj", "{BBF702BF-41BA-407E-8064-66DF4E3D9B03}"
EndProject
Project("{FAE04EC0-301F-11D3-BF4B-00C04F79EFBC}") = "WebApiApresentacao.Tests", "WebApiApresentacao.Tests\WebApiApresentacao.Tests.csproj", "{9E01FC60-0993-4462-8691-D600C29C5FA6}"
EndProject
Global
	GlobalSection(SolutionConfigurationPlatforms) = preSolution
		Debug|Any CPU = Debug|Any CPU
		Release|Any CPU = Release|Any CPU
	EndGlobalSection
	GlobalSection(ProjectConfigurationPlatforms) = postSolution
		{BBF702BF-41BA-407E-8064-66DF4E3D9B03}.Debug|Any CPU.ActiveCfg = Debug|Any CPU
		{BBF702BF-41BA-407E-8064-66DF4E3D9B03}.Debug|Any CPU.Build.0 = Debug|Any CPU
		{BBF702BF-41BA-407E-8064-66DF4E3D9B03}.Release|Any CPU.ActiveCfg = Release|Any CPU
		{BBF702BF-41BA-407E-8064-66DF4E3D9B03}.Release|Any CPU.Build.0 = Release|Any CPU
		{9E01FC60-0993-4462-8691-D600C29C5FA6}.Debug|Any CPU.ActiveCfg = Debug|Any CPU
		{9E01FC60-0993-4462-8691-D600C29C5FA6}.Debug|Any CPU.Build.0 = Debug|Any CPU
		{9E01FC60-0993-4462-8691-D600C29C5FA6}.Release|Any CPU.ActiveCfg = Release|Any CPU
		{9E01FC60-0993-4462-8691-D600C29C5FA6}.Release|Any CPU.Build.0 = Release|Any CPU
	EndGlobalSection
	GlobalSection(SolutionProperties) = preSolution
		HideSolutionNode = FALSE
	EndGlobalSection
EndGlobal
